
Microsoft Visual Studio Solution File, Format Version 12.00
# Visual Studio 14
VisualStudioVersion = 14.0.25420.1
MinimumVisualStudioVersion = 10.0.40219.1
Project("{FAE04EC0-301F-11D3-BF4B-00C04F79EFBC}") = "SortApp.Presentation", "SortApp.Presentation\SortApp.Presentation.csproj", "{D89B805A-A8F1-4965-8E22-00FC9036D750}"
EndProject
Project("{FAE04EC0-301F-11D3-BF4B-00C04F79EFBC}") = "SortApp.BL", "SortApp.BL\SortApp.BL.csproj", "{6F2EAE9E-2633-4814-9E6C-491D38E1AE1B}"
EndProject
Project("{FAE04EC0-301F-11D3-BF4B-00C04F79EFBC}") = "SortApp.ViewModel", "SortApp.ViewModel\SortApp.ViewModel.csproj", "{9A840CDA-1C22-4A61-8731-8DF420FE2F73}"
EndProject
Project("{2150E333-8FDC-42A3-9474-1A3956D46DE8}") = "Test", "Test", "{05BFBB3E-A89B-4B0E-B8F1-4EC36F5DE3C9}"
EndProject
Project("{FAE04EC0-301F-11D3-BF4B-00C04F79EFBC}") = "SortApp.BL.Test", "SortApp.BL.Test\SortApp.BL.Test.csproj", "{FE57EEF6-E984-4D8C-9623-9F3FD899664E}"
EndProject
Project("{FAE04EC0-301F-11D3-BF4B-00C04F79EFBC}") = "SortApp.ViewModel.Test", "SortApp.ViewModel.Test\SortApp.ViewModel.Test.csproj", "{A0680E7D-F403-4557-9D91-3979FB3DF0B8}"
EndProject
Global
	GlobalSection(SolutionConfigurationPlatforms) = preSolution
		Debug|Any CPU = Debug|Any CPU
		Release|Any CPU = Release|Any CPU
	EndGlobalSection
	GlobalSection(ProjectConfigurationPlatforms) = postSolution
		{D89B805A-A8F1-4965-8E22-00FC9036D750}.Debug|Any CPU.ActiveCfg = Debug|Any CPU
		{D89B805A-A8F1-4965-8E22-00FC9036D750}.Debug|Any CPU.Build.0 = Debug|Any CPU
		{D89B805A-A8F1-4965-8E22-00FC9036D750}.Release|Any CPU.ActiveCfg = Release|Any CPU
		{D89B805A-A8F1-4965-8E22-00FC9036D750}.Release|Any CPU.Build.0 = Release|Any CPU
		{6F2EAE9E-2633-4814-9E6C-491D38E1AE1B}.Debug|Any CPU.ActiveCfg = Debug|Any CPU
		{6F2EAE9E-2633-4814-9E6C-491D38E1AE1B}.Debug|Any CPU.Build.0 = Debug|Any CPU
		{6F2EAE9E-2633-4814-9E6C-491D38E1AE1B}.Release|Any CPU.ActiveCfg = Release|Any CPU
		{6F2EAE9E-2633-4814-9E6C-491D38E1AE1B}.Release|Any CPU.Build.0 = Release|Any CPU
		{9A840CDA-1C22-4A61-8731-8DF420FE2F73}.Debug|Any CPU.ActiveCfg = Debug|Any CPU
		{9A840CDA-1C22-4A61-8731-8DF420FE2F73}.Debug|Any CPU.Build.0 = Debug|Any CPU
		{9A840CDA-1C22-4A61-8731-8DF420FE2F73}.Release|Any CPU.ActiveCfg = Release|Any CPU
		{9A840CDA-1C22-4A61-8731-8DF420FE2F73}.Release|Any CPU.Build.0 = Release|Any CPU
		{FE57EEF6-E984-4D8C-9623-9F3FD899664E}.Debug|Any CPU.ActiveCfg = Debug|Any CPU
		{FE57EEF6-E984-4D8C-9623-9F3FD899664E}.Debug|Any CPU.Build.0 = Debug|Any CPU
		{FE57EEF6-E984-4D8C-9623-9F3FD899664E}.Release|Any CPU.ActiveCfg = Release|Any CPU
		{FE57EEF6-E984-4D8C-9623-9F3FD899664E}.Release|Any CPU.Build.0 = Release|Any CPU
		{A0680E7D-F403-4557-9D91-3979FB3DF0B8}.Debug|Any CPU.ActiveCfg = Debug|Any CPU
		{A0680E7D-F403-4557-9D91-3979FB3DF0B8}.Debug|Any CPU.Build.0 = Debug|Any CPU
		{A0680E7D-F403-4557-9D91-3979FB3DF0B8}.Release|Any CPU.ActiveCfg = Release|Any CPU
		{A0680E7D-F403-4557-9D91-3979FB3DF0B8}.Release|Any CPU.Build.0 = Release|Any CPU
	EndGlobalSection
	GlobalSection(SolutionProperties) = preSolution
		HideSolutionNode = FALSE
	EndGlobalSection
	GlobalSection(NestedProjects) = preSolution
		{FE57EEF6-E984-4D8C-9623-9F3FD899664E} = {05BFBB3E-A89B-4B0E-B8F1-4EC36F5DE3C9}
		{A0680E7D-F403-4557-9D91-3979FB3DF0B8} = {05BFBB3E-A89B-4B0E-B8F1-4EC36F5DE3C9}
	EndGlobalSection
EndGlobal
